
Microsoft Visual Studio Solution File, Format Version 12.00
# Visual Studio Version 17
VisualStudioVersion = 17.0.32126.317
MinimumVisualStudioVersion = 10.0.40219.1
Project("{FAE04EC0-301F-11D3-BF4B-00C04F79EFBC}") = "TIC_TAC_TOE", "TIC_TAC_TOE\TIC_TAC_TOE.csproj", "{42967A98-5FB9-4EBE-ABA5-45D4DC7E83B0}"
EndProject
Global
	GlobalSection(SolutionConfigurationPlatforms) = preSolution
		Debug|Any CPU = Debug|Any CPU
		Release|Any CPU = Release|Any CPU
	EndGlobalSection
	GlobalSection(ProjectConfigurationPlatforms) = postSolution
		{42967A98-5FB9-4EBE-ABA5-45D4DC7E83B0}.Debug|Any CPU.ActiveCfg = Debug|Any CPU
		{42967A98-5FB9-4EBE-ABA5-45D4DC7E83B0}.Debug|Any CPU.Build.0 = Debug|Any CPU
		{42967A98-5FB9-4EBE-ABA5-45D4DC7E83B0}.Release|Any CPU.ActiveCfg = Release|Any CPU
		{42967A98-5FB9-4EBE-ABA5-45D4DC7E83B0}.Release|Any CPU.Build.0 = Release|Any CPU
	EndGlobalSection
	GlobalSection(SolutionProperties) = preSolution
		HideSolutionNode = FALSE
	EndGlobalSection
	GlobalSection(ExtensibilityGlobals) = postSolution
		SolutionGuid = {5277475A-B6F7-40FF-B5DB-10EA66D88C24}
	EndGlobalSection
EndGlobal
